github.com/Azure/go-ntlmssp v0.0.0-20220621081337-cb9428e4ac1e h1:NeAW1fUYUEWhft7pkxDf6WoUvEZJ/uOKsvtpjLnn8MU=
github.com/Azure/go-ntlmssp v0.0.0-20220621081337-cb9428e4ac1e/go.mod h1:chxPXzSsl7ZWRAuOIE23GDNzjWuZquvFlgA8xmpunjU=
github.com/sunshineplan/forwarder v1.0.0 h1:GsMW5KWIThG+pByubhdKa9C7qU6MeXVFsCNd4cjz/5E=
github.com/sunshineplan/forwarder v1.0.0/go.mod h1:CMXQI8fGp8uQpJO3X3CIYv2kxElcrMID1D03UnSIL4c=
github.com/sunshineplan/utils v0.1.10 h1:78z7AXOx/DCNei27GfUuiPTZ54MXiFJEp9Enuisu6b8=
github.com/sunshineplan/utils v0.1.10/go.mod h1:HfKwfZdb8gYzo451GrkSqdNQE6xVRtdLJ6gZV5XRaC4=
golang.org/x/crypto v0.1.0 h1:MDRAIl0xIo9Io2xV565hzXHw3zVseKrJKodhohM5CjU=
golang.org/x/crypto v0.1.0/go.mod h1:RecgLatLF4+eUMCP1PoPZQb+cVrJcOPbHkTkbkB9sbw=
golang.org/x/net v0.1.0 h1:hZ/3BUoy5aId7sCpA/Tc5lt8DkFgdVS2onTpJsZ/fl0=
golang.org/x/net v0.1.0/go.mod h1:Cx3nUiGt4eDBEyega/BKRp+/AlGL8hYe7U9odMt2Cco=
