github.com/Azure/go-ntlmssp v0.0.0-20221128193559-754e69321358 h1:mFRzDkZVAjdal+s7s0MwaRv9igoPqLRdzOLzw/8Xvq8=
github.com/Azure/go-ntlmssp v0.0.0-20221128193559-754e69321358/go.mod h1:chxPXzSsl7ZWRAuOIE23GDNzjWuZquvFlgA8xmpunjU=
github.com/sunshineplan/forwarder v1.0.4 h1:bBgw9p8fEiU5QULQqm2z5XnpEJd/cimAMyopWN9+zGE=
github.com/sunshineplan/forwarder v1.0.4/go.mod h1:XzcKWclaxNFqHLCoShDtg+b3zlktw+MRIabWxY2m2nM=
github.com/sunshineplan/utils v0.1.84 h1:RMZK73sz8THyQueGn5qxu0+Bh+4QvSf+Z+OEikVZKyY=
github.com/sunshineplan/utils v0.1.84/go.mod h1:K5M8sNh+F47+aHfABZIiFJHVhC2DhiNhGZ9SgBQPPdE=
golang.org/x/crypto v0.45.0 h1:jMBrvKuj23MTlT0bQEOBcAE0mjg8mK9RXFhRH6nyF3Q=
golang.org/x/crypto v0.45.0/go.mod h1:XTGrrkGJve7CYK7J8PEww4aY7gM3qMCElcJQ8n8JdX4=
golang.org/x/net v0.47.0 h1:Mx+4dIFzqraBXUugkia1OOvlD6LemFo1ALMHjrXDOhY=
golang.org/x/net v0.47.0/go.mod h1:/jNxtkgq5yWUGYkaZGqo27cfGZ1c5Nen03aYrrKpVRU=
