github.com/Azure/go-ntlmssp v0.1.1 h1:l+FM/EEMb0U9QZE7mKNEDw5Mu3mFiaa2GKOoTSsNDPw=
github.com/Azure/go-ntlmssp v0.1.1/go.mod h1:NYqdhxd/8aAct/s4qSYZEerdPuH1liG2/X9DiVTbhpk=
github.com/sunshineplan/forwarder v1.0.4 h1:bBgw9p8fEiU5QULQqm2z5XnpEJd/cimAMyopWN9+zGE=
github.com/sunshineplan/forwarder v1.0.4/go.mod h1:XzcKWclaxNFqHLCoShDtg+b3zlktw+MRIabWxY2m2nM=
github.com/sunshineplan/utils v0.1.85 h1:SpxYIEIz6QuYcGOiSwD660zwVGrmAq+Z/qmjJGkJ/3w=
github.com/sunshineplan/utils v0.1.85/go.mod h1:K5M8sNh+F47+aHfABZIiFJHVhC2DhiNhGZ9SgBQPPdE=
golang.org/x/net v0.55.0 h1:bcvxaJn3e1U6InsFWt1JUq1aSjnRxLzT2rtD2KfkDF8=
golang.org/x/net v0.55.0/go.mod h1:L5U2KuzuOe1lY7Z+aWVIKK6qEeJXnXV9yzGA+WCHJww=
